train:
  cmd: python -m spacy run train
  script:
    - python -m spacy train  configs/config.cfg --output ./training --paths.vectors
      vectors/floret-la
  deps:
    - path: ./corpus/ud-test.spacy
      md5: 24a80df34e3d9d924f2b6b5530d4757c
    - path: ./corpus/ud-dev.spacy
      md5: cbf2b7651f660ebb78b45dc840627243
    - path: configs/config.cfg
      md5: 65e7a6252f700354e5c1b32f817be6e7
  outs:
    - path: training/model-best
      md5: a81c90c90239801e9abb1b6ddf499746
  spacy_version: 3.5.1
  spacy_git_version: 8153bd573
evaluate:
  cmd: python -m spacy run evaluate
  script:
    - python -m spacy evaluate  ./training/model-best  ./corpus/ud-test.spacy  --output
      ./metrics/senter.json  --gpu-id -1
  deps:
    - path: training/model-best
      md5: a81c90c90239801e9abb1b6ddf499746
    - path: ./corpus/ud-test.spacy
      md5: 24a80df34e3d9d924f2b6b5530d4757c
  outs:
    - path: ./metrics/senter.json
      md5: ec352ee05c492da58d51db71805134d9
  spacy_version: 3.5.1
  spacy_git_version: 8153bd573
package:
  cmd: python -m spacy run package
  script:
    - python -m spacy package  training/model-best packages  --name senter  --version
      0.3.0   --meta data/meta.json --force
  deps:
    - path: training/model-best
      md5: a81c90c90239801e9abb1b6ddf499746
  outs:
    - path: packages/la_senter-0.3.0/dist/en_senter-0.3.0.tar.gz
      md5: null
  spacy_version: 3.5.1
  spacy_git_version: 8153bd573
document:
  cmd: python -m spacy run document
  script:
    - python -m spacy project document  --output README.md
  deps: []
  outs:
    - path: README.md
      md5: 04c002510b3eea701f2112532901cd20
  spacy_version: 3.5.1
  spacy_git_version: 8153bd573
clean:
  cmd: python -m spacy run clean
  script:
    - sh -c "rm -rf assets/*"
    - sh -c "rm -rf corpus/*"
    - sh -c "rm -rf metrics/*"
    - sh -c "rm -rf training/*"
    - sh -c "rm -rf vectors/floret-la"
  deps: []
  outs: []
  spacy_version: 3.5.1
  spacy_git_version: 8153bd573
preprocess:
  cmd: python -m spacy run preprocess
  script:
    - python scripts/get_ud_sents.py
    - python scripts/prep-la_senter-training.py
  deps: []
  outs: []
  spacy_version: 3.5.1
  spacy_git_version: 8153bd573
assets:
  cmd: python -m spacy run assets
  script:
    - mkdir -p assets/treebanks
    - python -m spacy project assets
  deps: []
  outs: []
  spacy_version: 3.5.1
  spacy_git_version: 8153bd573
vectors:
  cmd: python -m spacy run vectors
  script:
    - "python -m spacy init vectors la '/Users/pjb311/code/cltk/latin-spacy-dev/floret_wiki_oscar_vectors/vectors/la.vec'\
      \ vectors/floret-la        "
  deps: []
  outs: []
  spacy_version: 3.4.2
  spacy_git_version: 3d0e89536
load-vectors:
  cmd: python -m spacy run load-vectors
  script:
    - "python -m spacy init vectors la 'vectors/la.floret' vectors/floret-la --mode\
      \ floret --name la_senter.vectors   "
  deps: []
  outs: []
  spacy_version: 3.5.1
  spacy_git_version: 8153bd573
