train:
  cmd: python -m spacy run train
  script:
    - python -m spacy train  configs/config.cfg --output ./training
  deps:
    - path: ./corpus/ud-test.spacy
      md5: 97d98f40c1c23b202d0d6bb8389fe966
    - path: ./corpus/ud-dev.spacy
      md5: b9da2eca60d93f659c379cce400a9d6a
    - path: configs/config.cfg
      md5: 65e7a6252f700354e5c1b32f817be6e7
  outs:
    - path: training/model-best
      md5: 06baee3cf839ab1d19cf7b5c69e32de1
  spacy_version: 3.4.2
  spacy_git_version: 3d0e89536
evaluate:
  cmd: python -m spacy run evaluate
  script:
    - python -m spacy evaluate  ./training/model-best  ./corpus/ud-test.spacy  --output
      ./metrics/senter.json  --gpu-id -1
  deps:
    - path: training/model-best
      md5: 06baee3cf839ab1d19cf7b5c69e32de1
    - path: ./corpus/ud-test.spacy
      md5: 97d98f40c1c23b202d0d6bb8389fe966
  outs:
    - path: ./metrics/senter.json
      md5: d315792d26d2889f14a0da043f66787b
  spacy_version: 3.4.2
  spacy_git_version: 3d0e89536
package:
  cmd: python -m spacy run package
  script:
    - python -m spacy package  training/model-best packages  --name senter  --version
      0.1.0   --meta data/meta.json --force
  deps:
    - path: training/model-best
      md5: 06baee3cf839ab1d19cf7b5c69e32de1
  outs:
    - path: packages/la_senter-0.1.0/dist/en_senter-0.1.0.tar.gz
      md5: null
  spacy_version: 3.4.2
  spacy_git_version: 3d0e89536
document:
  cmd: python -m spacy run document
  script:
    - python -m spacy project document  --output README.md
  deps: []
  outs:
    - path: README.md
      md5: fded1e9ac8e7313c75828c801b24ac22
  spacy_version: 3.4.2
  spacy_git_version: 3d0e89536
clean:
  cmd: python -m spacy run clean
  script:
    - sh -c "rm -rf corpus/*"
  deps: []
  outs: []
  spacy_version: 3.4.2
  spacy_git_version: 3d0e89536
preprocess:
  cmd: python -m spacy run preprocess
  script:
    - python scripts/get_ud_sents.py
    - python scripts/prep-la_senter-training.py
  deps: []
  outs: []
  spacy_version: 3.4.2
  spacy_git_version: 3d0e89536
assets:
  cmd: python -m spacy run assets
  script:
    - mkdir -p assets/treebanks
    - python -m spacy project assets
  deps: []
  outs: []
  spacy_version: 3.4.2
  spacy_git_version: 3d0e89536
